
Microsoft Visual Studio Solution File, Format Version 12.00
# Visual Studio Version 17
VisualStudioVersion = 17.10.35004.147
MinimumVisualStudioVersion = 10.0.40219.1
Project("{FAE04EC0-301F-11D3-BF4B-00C04F79EFBC}") = "ControleBancario", "ControleBancario\ControleBancario.csproj", "{9B310110-C716-485F-8351-F88B72B0B8E7}"
EndProject
Global
	GlobalSection(SolutionConfigurationPlatforms) = preSolution
		Debug|Any CPU = Debug|Any CPU
		Release|Any CPU = Release|Any CPU
	EndGlobalSection
	GlobalSection(ProjectConfigurationPlatforms) = postSolution
		{9B310110-C716-485F-8351-F88B72B0B8E7}.Debug|Any CPU.ActiveCfg = Debug|Any CPU
		{9B310110-C716-485F-8351-F88B72B0B8E7}.Debug|Any CPU.Build.0 = Debug|Any CPU
		{9B310110-C716-485F-8351-F88B72B0B8E7}.Release|Any CPU.ActiveCfg = Release|Any CPU
		{9B310110-C716-485F-8351-F88B72B0B8E7}.Release|Any CPU.Build.0 = Release|Any CPU
	EndGlobalSection
	GlobalSection(SolutionProperties) = preSolution
		HideSolutionNode = FALSE
	EndGlobalSection
	GlobalSection(ExtensibilityGlobals) = postSolution
		SolutionGuid = {A4C321BD-D3AB-453F-ADCA-F298F4BC71AA}
	EndGlobalSection
EndGlobal
